
Microsoft Visual Studio Solution File, Format Version 12.00
# Visual Studio Version 17
VisualStudioVersion = 17.9.34616.47
MinimumVisualStudioVersion = 10.0.40219.1
Project("{FAE04EC0-301F-11D3-BF4B-00C04F79EFBC}") = "laborator3", "laborator3\laborator3.csproj", "{53F5E684-CA0C-4E26-94A9-8D36EB07E4C0}"
EndProject
Global
	GlobalSection(SolutionConfigurationPlatforms) = preSolution
		Debug|Any CPU = Debug|Any CPU
		Release|Any CPU = Release|Any CPU
	EndGlobalSection
	GlobalSection(ProjectConfigurationPlatforms) = postSolution
		{53F5E684-CA0C-4E26-94A9-8D36EB07E4C0}.Debug|Any CPU.ActiveCfg = Debug|Any CPU
		{53F5E684-CA0C-4E26-94A9-8D36EB07E4C0}.Debug|Any CPU.Build.0 = Debug|Any CPU
		{53F5E684-CA0C-4E26-94A9-8D36EB07E4C0}.Release|Any CPU.ActiveCfg = Release|Any CPU
		{53F5E684-CA0C-4E26-94A9-8D36EB07E4C0}.Release|Any CPU.Build.0 = Release|Any CPU
	EndGlobalSection
	GlobalSection(SolutionProperties) = preSolution
		HideSolutionNode = FALSE
	EndGlobalSection
	GlobalSection(ExtensibilityGlobals) = postSolution
		SolutionGuid = {A7DF1F5F-504E-46B1-9A11-D3B18623E63B}
	EndGlobalSection
EndGlobal
